
Microsoft Visual Studio Solution File, Format Version 12.00
# Visual Studio Version 17
VisualStudioVersion = 17.8.34322.80
MinimumVisualStudioVersion = 10.0.40219.1
Project("{FAE04EC0-301F-11D3-BF4B-00C04F79EFBC}") = "Template1", "Template1.csproj", "{FFB9C161-8BAD-400E-A213-7674FD7F28B1}"
EndProject
Global
	GlobalSection(SolutionConfigurationPlatforms) = preSolution
		Debug|Any CPU = Debug|Any CPU
		Release|Any CPU = Release|Any CPU
	EndGlobalSection
	GlobalSection(ProjectConfigurationPlatforms) = postSolution
		{FFB9C161-8BAD-400E-A213-7674FD7F28B1}.Debug|Any CPU.ActiveCfg = Debug|Any CPU
		{FFB9C161-8BAD-400E-A213-7674FD7F28B1}.Debug|Any CPU.Build.0 = Debug|Any CPU
		{FFB9C161-8BAD-400E-A213-7674FD7F28B1}.Release|Any CPU.ActiveCfg = Release|Any CPU
		{FFB9C161-8BAD-400E-A213-7674FD7F28B1}.Release|Any CPU.Build.0 = Release|Any CPU
	EndGlobalSection
	GlobalSection(SolutionProperties) = preSolution
		HideSolutionNode = FALSE
	EndGlobalSection
	GlobalSection(ExtensibilityGlobals) = postSolution
		SolutionGuid = {06341BE3-2D81-464D-AC15-14A716492844}
	EndGlobalSection
EndGlobal
